
Microsoft Visual Studio Solution File, Format Version 12.00
# Visual Studio Version 17
VisualStudioVersion = 17.11.35312.102
MinimumVisualStudioVersion = 10.0.40219.1
Project("{8BC9CEB8-8B4A-11D0-8D11-00A0C91BC942}") = "test10_ 8", "test10_ 8\test10_ 8.vcxproj", "{B610E841-0DFB-4758-9527-4D09514DDFDD}"
EndProject
Global
	GlobalSection(SolutionConfigurationPlatforms) = preSolution
		Debug|x64 = Debug|x64
		Debug|x86 = Debug|x86
		Release|x64 = Release|x64
		Release|x86 = Release|x86
	EndGlobalSection
	GlobalSection(ProjectConfigurationPlatforms) = postSolution
		{B610E841-0DFB-4758-9527-4D09514DDFDD}.Debug|x64.ActiveCfg = Debug|x64
		{B610E841-0DFB-4758-9527-4D09514DDFDD}.Debug|x64.Build.0 = Debug|x64
		{B610E841-0DFB-4758-9527-4D09514DDFDD}.Debug|x86.ActiveCfg = Debug|Win32
		{B610E841-0DFB-4758-9527-4D09514DDFDD}.Debug|x86.Build.0 = Debug|Win32
		{B610E841-0DFB-4758-9527-4D09514DDFDD}.Release|x64.ActiveCfg = Release|x64
		{B610E841-0DFB-4758-9527-4D09514DDFDD}.Release|x64.Build.0 = Release|x64
		{B610E841-0DFB-4758-9527-4D09514DDFDD}.Release|x86.ActiveCfg = Release|Win32
		{B610E841-0DFB-4758-9527-4D09514DDFDD}.Release|x86.Build.0 = Release|Win32
	EndGlobalSection
	GlobalSection(SolutionProperties) = preSolution
		HideSolutionNode = FALSE
	EndGlobalSection
	GlobalSection(ExtensibilityGlobals) = postSolution
		SolutionGuid = {21BDDBD4-4948-4C92-8E8A-8B758C8D0140}
	EndGlobalSection
EndGlobal
