
Microsoft Visual Studio Solution File, Format Version 12.00
# Visual Studio Version 17
VisualStudioVersion = 17.11.35327.3
MinimumVisualStudioVersion = 10.0.40219.1
Project("{8BC9CEB8-8B4A-11D0-8D11-00A0C91BC942}") = "10_17", "10_17\10_17.vcxproj", "{FF4F9477-7C9D-4A91-8B2A-ACD8CFF0A336}"
EndProject
Global
	GlobalSection(SolutionConfigurationPlatforms) = preSolution
		Debug|x64 = Debug|x64
		Debug|x86 = Debug|x86
		Release|x64 = Release|x64
		Release|x86 = Release|x86
	EndGlobalSection
	GlobalSection(ProjectConfigurationPlatforms) = postSolution
		{FF4F9477-7C9D-4A91-8B2A-ACD8CFF0A336}.Debug|x64.ActiveCfg = Debug|x64
		{FF4F9477-7C9D-4A91-8B2A-ACD8CFF0A336}.Debug|x64.Build.0 = Debug|x64
		{FF4F9477-7C9D-4A91-8B2A-ACD8CFF0A336}.Debug|x86.ActiveCfg = Debug|Win32
		{FF4F9477-7C9D-4A91-8B2A-ACD8CFF0A336}.Debug|x86.Build.0 = Debug|Win32
		{FF4F9477-7C9D-4A91-8B2A-ACD8CFF0A336}.Release|x64.ActiveCfg = Release|x64
		{FF4F9477-7C9D-4A91-8B2A-ACD8CFF0A336}.Release|x64.Build.0 = Release|x64
		{FF4F9477-7C9D-4A91-8B2A-ACD8CFF0A336}.Release|x86.ActiveCfg = Release|Win32
		{FF4F9477-7C9D-4A91-8B2A-ACD8CFF0A336}.Release|x86.Build.0 = Release|Win32
	EndGlobalSection
	GlobalSection(SolutionProperties) = preSolution
		HideSolutionNode = FALSE
	EndGlobalSection
	GlobalSection(ExtensibilityGlobals) = postSolution
		SolutionGuid = {B357116B-9450-4666-A128-E7804862B094}
	EndGlobalSection
EndGlobal
